
Microsoft Visual Studio Solution File, Format Version 12.00
# Visual Studio Version 16
VisualStudioVersion = 16.0.31112.23
MinimumVisualStudioVersion = 10.0.40219.1
Project("{2150E333-8FDC-42A3-9474-1A3956D46DE8}") = "src", "src", "{1D100A78-04BB-46CA-A410-3E7EC9909DBF}"
EndProject
Project("{2150E333-8FDC-42A3-9474-1A3956D46DE8}") = "Building Blocks", "Building Blocks", "{1AF48A17-E3AB-49EB-9495-7BAFF3A32027}"
EndProject
Project("{2150E333-8FDC-42A3-9474-1A3956D46DE8}") = "Services", "Services", "{705404CE-C1D3-43E4-A3F8-4B40070BA2E5}"
EndProject
Project("{2150E333-8FDC-42A3-9474-1A3956D46DE8}") = "Web", "Web", "{BA4972FE-DC2B-4173-A1EA-DC7ED16F29EF}"
EndProject
Project("{2150E333-8FDC-42A3-9474-1A3956D46DE8}") = "Identidade", "Identidade", "{F1B8CBEF-2D02-46C0-A72B-8CCE673121F6}"
EndProject
Project("{FAE04EC0-301F-11D3-BF4B-00C04F79EFBC}") = "NSE.Identidade.API", "src\services\NSE.Identidade.API\NSE.Identidade.API.csproj", "{9375B965-4415-46A6-B3CE-1E5BD4328B08}"
EndProject
Project("{2150E333-8FDC-42A3-9474-1A3956D46DE8}") = "MVC", "MVC", "{BD46A1CE-E1F0-444F-B209-3236CD4DBD7B}"
EndProject
Project("{FAE04EC0-301F-11D3-BF4B-00C04F79EFBC}") = "NSE.WebApp.Mvc", "src\web\NSE.WebApp.Mvc\NSE.WebApp.Mvc.csproj", "{440424EF-A03A-46B1-BB0E-E829ACA56E29}"
EndProject
Project("{2150E333-8FDC-42A3-9474-1A3956D46DE8}") = "Core", "Core", "{9A6D5FCD-C697-4F9C-9937-EB037382F674}"
EndProject
Project("{FAE04EC0-301F-11D3-BF4B-00C04F79EFBC}") = "NSE.Core", "src\building blocks\NSE.Core\NSE.Core.csproj", "{B06D1D2D-FA60-4B94-A12E-06BD43151BA1}"
EndProject
Project("{2150E333-8FDC-42A3-9474-1A3956D46DE8}") = "Carrinho", "Carrinho", "{7BF2C1F9-CD28-4589-8F3E-B11AD79FDB63}"
EndProject
Project("{FAE04EC0-301F-11D3-BF4B-00C04F79EFBC}") = "NSE.Carrinho.API", "src\services\NSE.Carrinho.API\NSE.Carrinho.API.csproj", "{F6F5C771-ABD9-4D90-914D-E30EB0930412}"
EndProject
Project("{2150E333-8FDC-42A3-9474-1A3956D46DE8}") = "Catalogo", "Catalogo", "{F9FE4B50-A3E1-4A46-A8D7-E29414C95E05}"
EndProject
Project("{FAE04EC0-301F-11D3-BF4B-00C04F79EFBC}") = "NSE.Catalogo.API", "src\services\NSE.Catalogo.API\NSE.Catalogo.API.csproj", "{68E6B440-80CC-4416-8E1D-CAC71771F28A}"
EndProject
Project("{2150E333-8FDC-42A3-9474-1A3956D46DE8}") = "Cliente", "Cliente", "{0EA0032B-A5DB-49D5-95EA-68152285AAF6}"
EndProject
Project("{FAE04EC0-301F-11D3-BF4B-00C04F79EFBC}") = "NSE.Cliente.API", "src\services\NSE.Cliente.API\NSE.Cliente.API.csproj", "{1248309A-46F6-4FC7-8F07-E5D9A7D07E6A}"
EndProject
Project("{2150E333-8FDC-42A3-9474-1A3956D46DE8}") = "Pagamento", "Pagamento", "{4926CAA1-0B12-4B15-B514-4348A822158F}"
EndProject
Project("{FAE04EC0-301F-11D3-BF4B-00C04F79EFBC}") = "NSE.Pagamento.API", "src\services\NSE.Pagamento.API\NSE.Pagamento.API.csproj", "{27336D1B-5236-4FA0-BD38-2820036E3D1C}"
EndProject
Project("{2150E333-8FDC-42A3-9474-1A3956D46DE8}") = "Pedido", "Pedido", "{58B6182D-C366-45C2-99FA-225C90A226F0}"
EndProject
Project("{FAE04EC0-301F-11D3-BF4B-00C04F79EFBC}") = "NSE.Pedido.API", "src\services\NSE.Pedido.API\NSE.Pedido.API.csproj", "{2D283658-8656-4ABA-BD30-50C779E55C8B}"
EndProject
Global
	GlobalSection(SolutionConfigurationPlatforms) = preSolution
		Debug|Any CPU = Debug|Any CPU
		Release|Any CPU = Release|Any CPU
	EndGlobalSection
	GlobalSection(ProjectConfigurationPlatforms) = postSolution
		{9375B965-4415-46A6-B3CE-1E5BD4328B08}.Debug|Any CPU.ActiveCfg = Debug|Any CPU
		{9375B965-4415-46A6-B3CE-1E5BD4328B08}.Debug|Any CPU.Build.0 = Debug|Any CPU
		{9375B965-4415-46A6-B3CE-1E5BD4328B08}.Release|Any CPU.ActiveCfg = Release|Any CPU
		{9375B965-4415-46A6-B3CE-1E5BD4328B08}.Release|Any CPU.Build.0 = Release|Any CPU
		{440424EF-A03A-46B1-BB0E-E829ACA56E29}.Debug|Any CPU.ActiveCfg = Debug|Any CPU
		{440424EF-A03A-46B1-BB0E-E829ACA56E29}.Debug|Any CPU.Build.0 = Debug|Any CPU
		{440424EF-A03A-46B1-BB0E-E829ACA56E29}.Release|Any CPU.ActiveCfg = Release|Any CPU
		{440424EF-A03A-46B1-BB0E-E829ACA56E29}.Release|Any CPU.Build.0 = Release|Any CPU
		{B06D1D2D-FA60-4B94-A12E-06BD43151BA1}.Debug|Any CPU.ActiveCfg = Debug|Any CPU
		{B06D1D2D-FA60-4B94-A12E-06BD43151BA1}.Debug|Any CPU.Build.0 = Debug|Any CPU
		{B06D1D2D-FA60-4B94-A12E-06BD43151BA1}.Release|Any CPU.ActiveCfg = Release|Any CPU
		{B06D1D2D-FA60-4B94-A12E-06BD43151BA1}.Release|Any CPU.Build.0 = Release|Any CPU
		{F6F5C771-ABD9-4D90-914D-E30EB0930412}.Debug|Any CPU.ActiveCfg = Debug|Any CPU
		{F6F5C771-ABD9-4D90-914D-E30EB0930412}.Debug|Any CPU.Build.0 = Debug|Any CPU
		{F6F5C771-ABD9-4D90-914D-E30EB0930412}.Release|Any CPU.ActiveCfg = Release|Any CPU
		{F6F5C771-ABD9-4D90-914D-E30EB0930412}.Release|Any CPU.Build.0 = Release|Any CPU
		{68E6B440-80CC-4416-8E1D-CAC71771F28A}.Debug|Any CPU.ActiveCfg = Debug|Any CPU
		{68E6B440-80CC-4416-8E1D-CAC71771F28A}.Debug|Any CPU.Build.0 = Debug|Any CPU
		{68E6B440-80CC-4416-8E1D-CAC71771F28A}.Release|Any CPU.ActiveCfg = Release|Any CPU
		{68E6B440-80CC-4416-8E1D-CAC71771F28A}.Release|Any CPU.Build.0 = Release|Any CPU
		{1248309A-46F6-4FC7-8F07-E5D9A7D07E6A}.Debug|Any CPU.ActiveCfg = Debug|Any CPU
		{1248309A-46F6-4FC7-8F07-E5D9A7D07E6A}.Debug|Any CPU.Build.0 = Debug|Any CPU
		{1248309A-46F6-4FC7-8F07-E5D9A7D07E6A}.Release|Any CPU.ActiveCfg = Release|Any CPU
		{1248309A-46F6-4FC7-8F07-E5D9A7D07E6A}.Release|Any CPU.Build.0 = Release|Any CPU
		{27336D1B-5236-4FA0-BD38-2820036E3D1C}.Debug|Any CPU.ActiveCfg = Debug|Any CPU
		{27336D1B-5236-4FA0-BD38-2820036E3D1C}.Debug|Any CPU.Build.0 = Debug|Any CPU
		{27336D1B-5236-4FA0-BD38-2820036E3D1C}.Release|Any CPU.ActiveCfg = Release|Any CPU
		{27336D1B-5236-4FA0-BD38-2820036E3D1C}.Release|Any CPU.Build.0 = Release|Any CPU
		{2D283658-8656-4ABA-BD30-50C779E55C8B}.Debug|Any CPU.ActiveCfg = Debug|Any CPU
		{2D283658-8656-4ABA-BD30-50C779E55C8B}.Debug|Any CPU.Build.0 = Debug|Any CPU
		{2D283658-8656-4ABA-BD30-50C779E55C8B}.Release|Any CPU.ActiveCfg = Release|Any CPU
		{2D283658-8656-4ABA-BD30-50C779E55C8B}.Release|Any CPU.Build.0 = Release|Any CPU
	EndGlobalSection
	GlobalSection(SolutionProperties) = preSolution
		HideSolutionNode = FALSE
	EndGlobalSection
	GlobalSection(NestedProjects) = preSolution
		{1AF48A17-E3AB-49EB-9495-7BAFF3A32027} = {1D100A78-04BB-46CA-A410-3E7EC9909DBF}
		{705404CE-C1D3-43E4-A3F8-4B40070BA2E5} = {1D100A78-04BB-46CA-A410-3E7EC9909DBF}
		{BA4972FE-DC2B-4173-A1EA-DC7ED16F29EF} = {1D100A78-04BB-46CA-A410-3E7EC9909DBF}
		{F1B8CBEF-2D02-46C0-A72B-8CCE673121F6} = {705404CE-C1D3-43E4-A3F8-4B40070BA2E5}
		{9375B965-4415-46A6-B3CE-1E5BD4328B08} = {F1B8CBEF-2D02-46C0-A72B-8CCE673121F6}
		{BD46A1CE-E1F0-444F-B209-3236CD4DBD7B} = {BA4972FE-DC2B-4173-A1EA-DC7ED16F29EF}
		{440424EF-A03A-46B1-BB0E-E829ACA56E29} = {BD46A1CE-E1F0-444F-B209-3236CD4DBD7B}
		{9A6D5FCD-C697-4F9C-9937-EB037382F674} = {1AF48A17-E3AB-49EB-9495-7BAFF3A32027}
		{B06D1D2D-FA60-4B94-A12E-06BD43151BA1} = {9A6D5FCD-C697-4F9C-9937-EB037382F674}
		{7BF2C1F9-CD28-4589-8F3E-B11AD79FDB63} = {705404CE-C1D3-43E4-A3F8-4B40070BA2E5}
		{F6F5C771-ABD9-4D90-914D-E30EB0930412} = {7BF2C1F9-CD28-4589-8F3E-B11AD79FDB63}
		{F9FE4B50-A3E1-4A46-A8D7-E29414C95E05} = {705404CE-C1D3-43E4-A3F8-4B40070BA2E5}
		{68E6B440-80CC-4416-8E1D-CAC71771F28A} = {F9FE4B50-A3E1-4A46-A8D7-E29414C95E05}
		{0EA0032B-A5DB-49D5-95EA-68152285AAF6} = {705404CE-C1D3-43E4-A3F8-4B40070BA2E5}
		{1248309A-46F6-4FC7-8F07-E5D9A7D07E6A} = {0EA0032B-A5DB-49D5-95EA-68152285AAF6}
		{4926CAA1-0B12-4B15-B514-4348A822158F} = {705404CE-C1D3-43E4-A3F8-4B40070BA2E5}
		{27336D1B-5236-4FA0-BD38-2820036E3D1C} = {4926CAA1-0B12-4B15-B514-4348A822158F}
		{58B6182D-C366-45C2-99FA-225C90A226F0} = {705404CE-C1D3-43E4-A3F8-4B40070BA2E5}
		{2D283658-8656-4ABA-BD30-50C779E55C8B} = {58B6182D-C366-45C2-99FA-225C90A226F0}
	EndGlobalSection
	GlobalSection(ExtensibilityGlobals) = postSolution
		SolutionGuid = {2B30F68C-20C0-4CEF-9E9B-B6C71367DD69}
	EndGlobalSection
EndGlobal
